version: 1
checksums:
  55dc377b5e931bfc64e4add83e35d9ea:
    metadata/title: aeb3098540bcb01517e441441a874a69
    metadata/description: 03e901c820137ac1b6e80522e4e62ac2
    header/logo_alt: 8c7e578a2a437308cce1135b3f641a4d
    header/workspace: 6692d2cbe8eb88a280b5db38961e88ca
    header/features: 341ff316a339b106a178f0b8d362951b
    header/how_it_works: 191d4f7f162cdb17f444531b7593c549
    header/pricing: ce27f1aeacccc542a174c4b2bce022b0
    header/sign_in: cb8757c7450e17de1e226e82fb0fa4a2
    header/get_started: 5c783951b0100a168bdd2161ff294833
    header/user_menu/profile: d7878693f91303a438852d617f6d35df
    header/user_menu/settings: 8df6777277469c1fd88cc18dde2f1cc3
    header/user_menu/sign_out: 6d842546a84e919c519bf8cbffdf25a0
    header/user_menu/fallback_name: 61073457a5c3901084b557d065f876be
    hero/badge: df301b617768af7333487ce51d212640
    hero/title_line1: b37c665cff8d432819bb148a5ca7d32b
    hero/title_line2: 8058380889147b6335bd6abb940b212e
    hero/subtitle: fd19d696249e2d179eddb24dd1f93a71
    hero/cta_primary: 963933a1890d52a62d43f2db72782b2f
    hero/cta_secondary: 5a2d82ab1e05251a3c7310b04fa690ab
    hero/no_credit_card: f54dbf7619da3ab3a6eabf3acac42249
    hero/powered_by: 991fb9abe285a33341a1aaeed2eaf031
    hero/lingo_alt: 307099c62b17ca01597fc01c2fa7b9f6
    features/heading: c934be5d0b65a7ed88060c21e467a26d
    features/subheading: ff206c52dc13b83624107aa4b706bb7a
    features/lingo_ready/title: 34eff8d684d8a6ef38e15226661552a5
    features/lingo_ready/description: 1cf2fff6ea799bb65873917b4abd157b
    features/multi_language/title: 085c4bc8e43558c36bd9e5059815c006
    features/multi_language/description: 68c2c7078e52f21a673516ac3119a68d
    features/real_time/title: 7a6b118da95dd23ecff1d0810bc268e8
    features/real_time/description: 1697cd0996e53e1bb08c393480cbf758
    features/rich_editor/title: c9219db800f80b1ff1ea137a88ac3d66
    features/rich_editor/description: a7d59a30c1f1b2e392760bf3de803a24
    features/team_workspaces/title: e53e5755bcb860ef02da527cb9d337e0
    features/team_workspaces/description: f06e2733a6f7f87f749c8b546d9374d5
    features/secure/title: 41153668e05fbe40e5c8b79511b57eb5
    features/secure/description: 09106af39cccf871322bfd5123587372
    how_it_works/heading: 4f9771730029d214730ce94541207916
    how_it_works/subheading: 0bf1bc525cb67bf790e286166193f186
    how_it_works/step1/title: 5bbac9aee882ac7b22c861e6a6f474ac
    how_it_works/step1/description: c97b148899e8dea2615454176079b103
    how_it_works/step2/title: 87b620cbbe5245f259bd448b3d7e525b
    how_it_works/step2/description: 022c96752b4df7ce7bed75d79f954984
    how_it_works/step3/title: 3215f919cd2985944f60955eb9cffbde
    how_it_works/step3/description: 8176be75c893ffcb0d314347e663208c
    cta/heading: 252b2515f629ca15baddec7770a5a1c2
    cta/subheading: ce9fcbf3bc66384c3bc28f6224dcc556
    cta/button: fb26a54c48f2fcf21442e50705e4f6f4
    footer/logo_alt: c6bac7a1927e949d465df52a71c36604
    footer/copyright: 3af16f7519f1cb9f92ecc88162adcc66
    footer/privacy: 6007d5d5f6591c027b15bd49ab7a8c47
    footer/terms: c531b88ecfe7dd2337a34f4a9ed18a5f
    footer/contact: 9afa39bc47019ee6dec6c74b6273967c
    auth/login/title: 4928884739ba559e6e4b960e80fe1452
    auth/login/subtitle: 0d83585985ca6870363b3867e61e0cda
    auth/login/email: e7f34943a0c2fb849db1839ff6ef5cb5
    auth/login/email_placeholder: 3cbb854500cac63513492e7abbc5cff3
    auth/login/password: 223a61cf906ab9c40d22612c588dff48
    auth/login/password_placeholder: 5ee7cd1a4a7fe6fb896e8a0c4b2d7255
    auth/login/submit: cb8757c7450e17de1e226e82fb0fa4a2
    auth/login/submitting: 8c7c297eaa8691114c8af70e53bb5fe6
    auth/login/no_account: 613efdc05ae6d04b7136d199645c56ac
    auth/login/sign_up: a6a0b995463f62ce6a12e37f1d05a9bd
    auth/login/error_default: 644fb406413f4c2ad40b314e5826addd
    auth/signup/title: bc53a57281d2701563f94f3169518028
    auth/signup/subtitle: e42201d612c39a5b89c071642854f36e
    auth/signup/full_name: ba3094a10db2bb9234cb7e0dc86e40fd
    auth/signup/full_name_placeholder: febee8e9ab40b2fe5106d72675228d00
    auth/signup/email: e7f34943a0c2fb849db1839ff6ef5cb5
    auth/signup/email_placeholder: 3cbb854500cac63513492e7abbc5cff3
    auth/signup/password: 223a61cf906ab9c40d22612c588dff48
    auth/signup/password_placeholder: 5ee7cd1a4a7fe6fb896e8a0c4b2d7255
    auth/signup/submit: 6a11810d313098655e600e0303d455fd
    auth/signup/submitting: bc93fb85564815cb9131b8f59e98a500
    auth/signup/password_hint: 1deeb25e5e020a8d8a47b3040e8e7262
    auth/signup/has_account: 699043a787e26ec2ecad53f52df28d5b
    auth/signup/sign_in: cb8757c7450e17de1e226e82fb0fa4a2
    auth/signup/error_default: ab02aa5dc0162cba888958e6b17c2535
    auth/signup_success/title: c51aa8640fe15af146f3e2dd4602e0c1
    auth/signup_success/subtitle: 31647379fc684d1f1bd6f5b095bc7b80
    auth/signup_success/button: 493d0b4ea1a695e02e3e3768e4fc633d
    auth/signup_success/footer: 658abb4e5d1b65c43adfe9b782ec0a2e
    auth/errors/invalid_credentials: 3744cb45cfbd81dc028790036c6ed245
    auth/errors/user_already_registered: 51c097f9293331f2417601bf950422c5
    auth/errors/weak_password: fc0043090f6cc96728b585cd50efc89f
    auth/errors/email_not_confirmed: 73aa4a257a4ccbfed94d888a9e265533
    auth/errors/network_error: 324fc3eee207eefe6188fc9e45db9a8b
    auth/errors/generic: 04eb843eaff0839b9ba1cb243e550d89
    auth/error_page/title: f8db504523897fad229a0cfdcc34652c
    auth/error_page/description: 362ec54b48f74f1353194d8bb563ea92
    auth/error_page/button: 493d0b4ea1a695e02e3e3768e4fc633d
    dashboard/title: c9380ea68c8c76ea451bd9613329a07c
    dashboard/welcome: ff470d1f9f5615e03640f4260070b8e7
    dashboard/welcome_fallback: 7d63e12738c8b7b3bea05fa04ca86552
    dashboard/subtitle: 8f6ef172c6e003f7087e9d71a8b61b99
    dashboard/new_workspace: 9c9a1fe60ed204bcb800c4e55a46322e
    dashboard/create_title: d0c196e19cbde86872848d529cbb6196
    dashboard/create_description: 077c43c3e0099d1819af9a1cc04511fa
    dashboard/workspace_name: 855614bbf862fd6a9f6a3e76943f92d4
    dashboard/name_placeholder: 3dd1d193a288f53e72d56d71bf934997
    dashboard/workspace_description: 3a114a3e9a602e688b06faf4d5dcfbcb
    dashboard/desc_placeholder: 13f66d3251b53bef77ccd24478bf02cd
    dashboard/cancel: 2e2a849c2223911717de8caa2c71bade
    dashboard/create: 2e6718e79964ea5ce22d76c2189c77ca
    dashboard/creating: c949fe6aa47b326f345b405fe9c4d6e7
    dashboard/no_workspaces: afb8b963c6b44d96567575b4ad440b30
    dashboard/no_workspaces_description: cca2c5077e5aa563b2608a8fff62f31c
    dashboard/create_first: 22878d9eb827caae0947106473ed1278
    dashboard/docs_count: ff3a31d113581a810defb2d6b77f1a85
    dashboard/created_at: 14603ed516133ca1b5c69802d3ea4fee
    dashboard/confirm_delete: d003455cfd780bccd3f2d717ded2a1fd
    dashboard/delete_failed: 812a04ca33578cb48468e3b0fa8624c5
    dashboard/inviter_fallback: f15ea72820faaeda4699ffd01fbe5350
    dashboard/invite_server_error: b48c7ff06c6cd2c6c4828d144fd64010
    dashboard/invite_send_failed: f92041ffcfdd0646d8b63d66bf6bccd5
    dashboard/invite_sent_title: 80e1a5d6c11ad880dd11c1f3a82a3ea2
    dashboard/invite_sent_message: 738b462fb3a69f875f62ecd328cbe9b3
    dashboard/share_title: 958a6b6866db249f3a17c1631205d85a
    dashboard/share_description: f36ba2ebcafa8c08266ea3eba95253fd
    dashboard/share_email_label: 0ee22bbbe989a0c61a18023407d12dc2
    dashboard/share_email_placeholder: 2a1cc1a6dd6b42ff64c140596e82e904
    dashboard/invite_sending: 313baf79716ca9d57de864eaac4a602a
    dashboard/invite_send: 24970596115a76b1947bdaa342e84e1f
    dashboard/share_action: 958a6b6866db249f3a17c1631205d85a
    dashboard/delete_action: 3badbc0f4b49644986fc19d8b2d8f317
    workspace/title: c3882fc98216636873ab9091f3453f0c
    workspace/subtitle: 4fc4f5872d0ef0227ee99f10174b3fcb
    workspace/new_document: ba5733913009db94b1bc7292b4819c99
    workspace/create_title: 3a831e4c123475f73653af5daad68ac3
    workspace/create_description: 3b4ffd0a4c134c8ec2aa6c77b3f5d7d9
    workspace/doc_title: c50b9ee4b9f6ab3dddbe12fe3a290571
    workspace/title_placeholder: d92e0f204c12b656601bff0da49712b7
    workspace/cancel: 2e2a849c2223911717de8caa2c71bade
    workspace/create: 59564da8a5da25474c75258ec3aced95
    workspace/creating: c949fe6aa47b326f345b405fe9c4d6e7
    workspace/no_documents: 190d3202c00555ec176d7d4ae681e03b
    workspace/no_documents_description: 3d7c7a181b068f4fcbff630b127dca32
    workspace/create_first: 433c9c3255ee8eabe0f8eca205c0e843
    workspace/upload_file: 189b8bd320e87a7e14fbee06b013d90f
    workspace/uploaded_file: 2ce4b05b0d7fe158eb25be69d83cf92f
    workspace/file_uploaded_prefix: d01d6cb3196a520a4115c430c251a111
    workspace/last_updated: cd070575631fbab89f7b538a8f55dbf1
    workspace/delete: 8bcf303dd10a645b5baacb02b47d72c9
    workspace/delete_confirm: 3672f479a7b91c24be5c3f2d449288a9
    workspace/back_to_dashboard: 3307b46d8e54605dd8bc83c17112af28
    workspace/save_reference_failed: 1b7b39511174d87f1640263b6a3e0ea4
    document/title_placeholder: d92e0f204c12b656601bff0da49712b7
    document/save: f7a2929f33bc420195e59ac5a8bcd454
    document/saving: 7cb2d8f012d57db8a62187b65ef164dc
    document/saved_at: b5405150e1b49ebaba32e306fb5854d2
    document/save_failed: da426c10ecc48463cecf827b6172b75a
    document/export: 709afbc86c5fdca279a111ea8e49d1c9
    document/export_pdf: f5ad6ed04dbc07a13146e4bbd5f240f7
    document/export_docx: 1ebaa246386cc98001718a71d6eb5818
    document/default_filename: 0809eccb7fdbac260c6e15b11f6fef90
    document/insert_image: 305b18910c6b4b70dfadb22e8d25c5af
    document/translation_ready: 8cdf26152cdede8c3c20fa3c4563f1c3
    document/lingo_description: b9f2ea4ce6991da67a41edf28d2b5762
    document/editor_placeholder: fdf79d7d2625b1ccf87e3d518c8a9de1
    document/words: b539ae5ebd4ed431ec55c5f8ab730398
    document/created_at: 14603ed516133ca1b5c69802d3ea4fee
    editor/placeholder: 60dde59ec9b52824dfcac39049caa7ea
    editor/file_link_fallback: 92e47ca1de564e8a42d994ea84cc2f39
    editor/upload/uploading_image: 1b8ae284fbb86ca36dd4bdf0c2da32aa
    editor/upload/uploading_file: b0d4a3847ed2c059386c80a2a423f6e9
    editor/upload/upload_complete: cf9726f7bdacdee57a00fd5d2d571e4a
    editor/upload/upload_failed: 9fbb862d056353ec9a0c71288d4bedef
    editor/upload/unknown_error: 7a2ffaf151bef1e23cdd30a29e389e71
    editor/slash_commands/text/title: 4ddccc1974775ed7357f9beaf9361cec
    editor/slash_commands/text/description: d32f9788823e15e16b8f97c44549a13c
    editor/slash_commands/heading1/title: cbd66aa1808eceecbda71e16fe05747c
    editor/slash_commands/heading1/description: 3996bccbe6c60609a911eccf31e95e37
    editor/slash_commands/heading2/title: 317cb373550914953c97c8f97e9b00fa
    editor/slash_commands/heading2/description: 3c937cda1869249c68652e50a4653aa2
    editor/slash_commands/heading3/title: a6daf7c67948ba1c0b81428bd66e4faf
    editor/slash_commands/heading3/description: fc69e805f24a9e0c1950259ddf5d4968
    editor/slash_commands/bullet_list/title: 10ed24b2b8d641d31231ebbc404da196
    editor/slash_commands/bullet_list/description: 00ea3277357c4d3c5e0ac67bb871d220
    editor/slash_commands/numbered_list/title: 83941217a925a47218311f7d231bffd0
    editor/slash_commands/numbered_list/description: 353751bc8432551b4b614a4e538491d3
    editor/slash_commands/image/title: 048ba7a239de0fbd883ade8558415830
    editor/slash_commands/image/description: 294536fd113435462f163834e5252870
    editor/slash_commands/video/title: 8050c90e4289b105a0780f0fdda6ff66
    editor/slash_commands/video/description: 877239214998a9d7792eea5f34e7f2d8
    editor/slash_commands/video/prompt: 149c6711f6f0f5a2016b256151a3a063
    editor/slash_commands/file/title: 1255b55897f2be1443d3bb8c30cd9795
    editor/slash_commands/file/description: 43d6a9167b6249e3babac0731a99521a
    locale/english: e1eeeb379f86a015d6e581fcbc4af7f3
    locale/spanish: e1cd9645ddb854071941a3a23af9eaaf
    locale/french: 965fbe07b0c6293182f71b3d09b84fda
    locale/bengali: 69643574a955a5ce2f59ec9f46229f66
    settings/title: 8df6777277469c1fd88cc18dde2f1cc3
    settings/profile_settings: db0b3225a6a5cb607a711b5f6021891a
    settings/profile_description: fdee43dd8bb7cd9e1e46ceb210e91874
    settings/email: e7f34943a0c2fb849db1839ff6ef5cb5
    settings/email_description: d11a0207233d99533968d894c8cfd658
    settings/display_name: 5b5f99a8bf61d1b1c5a0383feb909fae
    settings/display_name_placeholder: b00c01deec0af9a441331a5134210de1
    settings/save_changes: d895276cde226e9225eca1e74aa799f4
    settings/saving: 7cb2d8f012d57db8a62187b65ef164dc
    settings/success: cc503e2b7c0de406d7e34b2ce839d728
    settings/error_saving: bb938ede27ee0fef5817db6ad61e7e88
    settings/lingo_integration: 0b552f93662930e5d583aef8629ad982
    settings/lingo_description: 53d49d958f02b5f489ef10e3ec5cc17a
    settings/lingo_configured: cb3483dc2992a9c2b22a41779a30d9f3
    settings/lingo_docs: d02b442f88b6b8e5e7005638cc6b1cf4
    invite_email/subject: 338169202e22c3c666469078abcd3009
    invite_email/heading: 9a6ad4fe157adde23a879ccc4972959d
    invite_email/intro: 5dd2f23e198af43d09b8ccacdbe26024
    invite_email/cta: 692b7aea86324c1a4f3c4e03ca37bf16
    invite_email/or_copy: 8682bc7fc7033b22317ca3bd2bf686ed
    invite_email/internal_error: 4b1ee760260ee43004cc74ccec21d4ec
    common/close: 2c2e22f8424a1031de89063bd0022e16
